// !$*UTF8*$!
{
	archiveVersion = 1;
	classes = {
	};
	objectVersion = 48;
	objects = {

/* Begin PBXBuildFile section */
		0A1F4FA5206D3683002CFCAA /* MovieQuotesTableViewController.swift in Sources */ = {isa = PBXBuildFile; fileRef = 0A1F4FA4206D3683002CFCAA /* MovieQuotesTableViewController.swift */; };
		0A1F4FA7206D3989002CFCAA /* MovieQuote.swift in Sources */ = {isa = PBXBuildFile; fileRef = 0A1F4FA6206D3989002CFCAA /* MovieQuote.swift */; };
		0ABEDB7E2088E5BC00DEE4B7 /* MovieQuoteDetailViewController.swift in Sources */ = {isa = PBXBuildFile; fileRef = 0ABEDB7D2088E5BC00DEE4B7 /* MovieQuoteDetailViewController.swift */; };
		0AD117DD206AA339003B5513 /* AppDelegate.swift in Sources */ = {isa = PBXBuildFile; fileRef = 0AD117DC206AA339003B5513 /* AppDelegate.swift */; };
		0AD117E1206AA339003B5513 /* DetailViewController.swift in Sources */ = {isa = PBXBuildFile; fileRef = 0AD117E0206AA339003B5513 /* DetailViewController.swift */; };
		0AD117E4206AA339003B5513 /* Main.storyboard in Resources */ = {isa = PBXBuildFile; fileRef = 0AD117E2206AA339003B5513 /* Main.storyboard */; };
		0AD117E6206AA339003B5513 /* Assets.xcassets in Resources */ = {isa = PBXBuildFile; fileRef = 0AD117E5206AA339003B5513 /* Assets.xcassets */; };
		0AD117E9206AA339003B5513 /* LaunchScreen.storyboard in Resources */ = {isa = PBXBuildFile; fileRef = 0AD117E7206AA339003B5513 /* LaunchScreen.storyboard */; };
		0AD117F1206AA741003B5513 /* TempTableViewController.swift in Sources */ = {isa = PBXBuildFile; fileRef = 0AD117F0206AA741003B5513 /* TempTableViewController.swift */; };
		0AE955E5208636D700F90EC4 /* GoogleService-Info.plist in Resources */ = {isa = PBXBuildFile; fileRef = 0AE955E4208636D700F90EC4 /* GoogleService-Info.plist */; };
		3FD5EFF604B5B972F4F5D150 /* Pods_MovieQuotes.framework in Frameworks */ = {isa = PBXBuildFile; fileRef = 9F820E42EC5FA0BD17A4D226 /* Pods_MovieQuotes.framework */; };
/* End PBXBuildFile section */

/* Begin PBXFileReference section */
		0749198FDC282D470FED88AE /* Pods-MovieQuotes.debug.xcconfig */ = {isa = PBXFileReference; includeInIndex = 1; lastKnownFileType = text.xcconfig; name = "Pods-MovieQuotes.debug.xcconfig"; path = "Pods/Target Support Files/Pods-MovieQuotes/Pods-MovieQuotes.debug.xcconfig"; sourceTree = "<group>"; };
		0A1F4FA4206D3683002CFCAA /* MovieQuotesTableViewController.swift */ = {isa = PBXFileReference; lastKnownFileType = sourcecode.swift; path = MovieQuotesTableViewController.swift; sourceTree = "<group>"; };
		0A1F4FA6206D3989002CFCAA /* MovieQuote.swift */ = {isa = PBXFileReference; lastKnownFileType = sourcecode.swift; path = MovieQuote.swift; sourceTree = "<group>"; };
		0ABEDB7D2088E5BC00DEE4B7 /* MovieQuoteDetailViewController.swift */ = {isa = PBXFileReference; fileEncoding = 4; lastKnownFileType = sourcecode.swift; path = MovieQuoteDetailViewController.swift; sourceTree = "<group>"; };
		0AD117D9206AA339003B5513 /* MovieQuotes.app */ = {isa = PBXFileReference; explicitFileType = wrapper.application; includeInIndex = 0; path = MovieQuotes.app; sourceTree = BUILT_PRODUCTS_DIR; };
		0AD117DC206AA339003B5513 /* AppDelegate.swift */ = {isa = PBXFileReference; lastKnownFileType = sourcecode.swift; path = AppDelegate.swift; sourceTree = "<group>"; };
		0AD117E0206AA339003B5513 /* DetailViewController.swift */ = {isa = PBXFileReference; lastKnownFileType = sourcecode.swift; path = DetailViewController.swift; sourceTree = "<group>"; };
		0AD117E3206AA339003B5513 /* Base */ = {isa = PBXFileReference; lastKnownFileType = file.storyboard; name = Base; path = Base.lproj/Main.storyboard; sourceTree = "<group>"; };
		0AD117E5206AA339003B5513 /* Assets.xcassets */ = {isa = PBXFileReference; lastKnownFileType = folder.assetcatalog; path = Assets.xcassets; sourceTree = "<group>"; };
		0AD117E8206AA339003B5513 /* Base */ = {isa = PBXFileReference; lastKnownFileType = file.storyboard; name = Base; path = Base.lproj/LaunchScreen.storyboard; sourceTree = "<group>"; };
		0AD117EA206AA339003B5513 /* Info.plist */ = {isa = PBXFileReference; lastKnownFileType = text.plist.xml; path = Info.plist; sourceTree = "<group>"; };
		0AD117F0206AA741003B5513 /* TempTableViewController.swift */ = {isa = PBXFileReference; lastKnownFileType = sourcecode.swift; path = TempTableViewController.swift; sourceTree = "<group>"; };
		0AE955E4208636D700F90EC4 /* GoogleService-Info.plist */ = {isa = PBXFileReference; fileEncoding = 4; lastKnownFileType = text.plist.xml; path = "GoogleService-Info.plist"; sourceTree = "<group>"; };
		18B92A9637119F6012AEBA04 /* Pods-MovieQuotes.release.xcconfig */ = {isa = PBXFileReference; includeInIndex = 1; lastKnownFileType = text.xcconfig; name = "Pods-MovieQuotes.release.xcconfig"; path = "Pods/Target Support Files/Pods-MovieQuotes/Pods-MovieQuotes.release.xcconfig"; sourceTree = "<group>"; };
		9F820E42EC5FA0BD17A4D226 /* Pods_MovieQuotes.framework */ = {isa = PBXFileReference; explicitFileType = wrapper.framework; includeInIndex = 0; path = Pods_MovieQuotes.framework; sourceTree = BUILT_PRODUCTS_DIR; };
/* End PBXFileReference section */

/* Begin PBXFrameworksBuildPhase section */
		0AD117D6206AA339003B5513 /* Frameworks */ = {
			isa = PBXFrameworksBuildPhase;
			buildActionMask = 2147483647;
			files = (
				3FD5EFF604B5B972F4F5D150 /* Pods_MovieQuotes.framework in Frameworks */,
			);
			runOnlyForDeploymentPostprocessing = 0;
		};
/* End PBXFrameworksBuildPhase section */

/* Begin PBXGroup section */
		0AD117D0206AA339003B5513 = {
			isa = PBXGroup;
			children = (
				0AD117DB206AA339003B5513 /* MovieQuotes */,
				0AD117DA206AA339003B5513 /* Products */,
				34ADCC256FBAE6983D89EA00 /* Pods */,
				5C7C50CBDD99F9A7297EE18E /* Frameworks */,
			);
			sourceTree = "<group>";
		};
		0AD117DA206AA339003B5513 /* Products */ = {
			isa = PBXGroup;
			children = (
				0AD117D9206AA339003B5513 /* MovieQuotes.app */,
			);
			name = Products;
			sourceTree = "<group>";
		};
		0AD117DB206AA339003B5513 /* MovieQuotes */ = {
			isa = PBXGroup;
			children = (
				0AD117DC206AA339003B5513 /* AppDelegate.swift */,
				0AD117E0206AA339003B5513 /* DetailViewController.swift */,
				0AD117E2206AA339003B5513 /* Main.storyboard */,
				0ABEDB7D2088E5BC00DEE4B7 /* MovieQuoteDetailViewController.swift */,
				0A1F4FA4206D3683002CFCAA /* MovieQuotesTableViewController.swift */,
				0AD117F0206AA741003B5513 /* TempTableViewController.swift */,
				0AD117E5206AA339003B5513 /* Assets.xcassets */,
				0AD117E7206AA339003B5513 /* LaunchScreen.storyboard */,
				0AD117EA206AA339003B5513 /* Info.plist */,
				0AE955E4208636D700F90EC4 /* GoogleService-Info.plist */,
				0A1F4FA6206D3989002CFCAA /* MovieQuote.swift */,
			);
			path = MovieQuotes;
			sourceTree = "<group>";
		};
		34ADCC256FBAE6983D89EA00 /* Pods */ = {
			isa = PBXGroup;
			children = (
				0749198FDC282D470FED88AE /* Pods-MovieQuotes.debug.xcconfig */,
				18B92A9637119F6012AEBA04 /* Pods-MovieQuotes.release.xcconfig */,
			);
			name = Pods;
			sourceTree = "<group>";
		};
		5C7C50CBDD99F9A7297EE18E /* Frameworks */ = {
			isa = PBXGroup;
			children = (
				9F820E42EC5FA0BD17A4D226 /* Pods_MovieQuotes.framework */,
			);
			name = Frameworks;
			sourceTree = "<group>";
		};
/* End PBXGroup section */

/* Begin PBXNativeTarget section */
		0AD117D8206AA339003B5513 /* MovieQuotes */ = {
			isa = PBXNativeTarget;
			buildConfigurationList = 0AD117ED206AA339003B5513 /* Build configuration list for PBXNativeTarget "MovieQuotes" */;
			buildPhases = (
				FB50348A6108864EA92B738B /* [CP] Check Pods Manifest.lock */,
				0AD117D5206AA339003B5513 /* Sources */,
				0AD117D6206AA339003B5513 /* Frameworks */,
				0AD117D7206AA339003B5513 /* Resources */,
				03634424D106646EA46AB937 /* [CP] Embed Pods Frameworks */,
			);
			buildRules = (
			);
			dependencies = (
			);
			name = MovieQuotes;
			productName = MovieQuotes;
			productReference = 0AD117D9206AA339003B5513 /* MovieQuotes.app */;
			productType = "com.apple.product-type.application";
		};
/* End PBXNativeTarget section */

/* Begin PBXProject section */
		0AD117D1206AA339003B5513 /* Project object */ = {
			isa = PBXProject;
			attributes = {
				LastSwiftUpdateCheck = 0920;
				LastUpgradeCheck = 0920;
				ORGANIZATIONNAME = "Rose-Hulman";
				TargetAttributes = {
					0AD117D8206AA339003B5513 = {
						CreatedOnToolsVersion = 9.2;
						ProvisioningStyle = Automatic;
					};
				};
			};
			buildConfigurationList = 0AD117D4206AA339003B5513 /* Build configuration list for PBXProject "MovieQuotes" */;
			compatibilityVersion = "Xcode 8.0";
			developmentRegion = en;
			hasScannedForEncodings = 0;
			knownRegions = (
				en,
				Base,
			);
			mainGroup = 0AD117D0206AA339003B5513;
			productRefGroup = 0AD117DA206AA339003B5513 /* Products */;
			projectDirPath = "";
			projectRoot = "";
			targets = (
				0AD117D8206AA339003B5513 /* MovieQuotes */,
			);
		};
/* End PBXProject section */

/* Begin PBXResourcesBuildPhase section */
		0AD117D7206AA339003B5513 /* Resources */ = {
			isa = PBXResourcesBuildPhase;
			buildActionMask = 2147483647;
			files = (
				0AD117E9206AA339003B5513 /* LaunchScreen.storyboard in Resources */,
				0AE955E5208636D700F90EC4 /* GoogleService-Info.plist in Resources */,
				0AD117E6206AA339003B5513 /* Assets.xcassets in Resources */,
				0AD117E4206AA339003B5513 /* Main.storyboard in Resources */,
			);
			runOnlyForDeploymentPostprocessing = 0;
		};
/* End PBXResourcesBuildPhase section */

/* Begin PBXShellScriptBuildPhase section */
		03634424D106646EA46AB937 /* [CP] Embed Pods Frameworks */ = {
			isa = PBXShellScriptBuildPhase;
			buildActionMask = 2147483647;
			files = (
			);
			inputPaths = (
				"${SRCROOT}/Pods/Target Support Files/Pods-MovieQuotes/Pods-MovieQuotes-frameworks.sh",
				"${BUILT_PRODUCTS_DIR}/BoringSSL/openssl.framework",
				"${BUILT_PRODUCTS_DIR}/GoogleToolboxForMac/GoogleToolboxForMac.framework",
				"${BUILT_PRODUCTS_DIR}/Protobuf/Protobuf.framework",
				"${BUILT_PRODUCTS_DIR}/gRPC/GRPCClient.framework",
				"${BUILT_PRODUCTS_DIR}/gRPC-Core/grpc.framework",
				"${BUILT_PRODUCTS_DIR}/gRPC-ProtoRPC/ProtoRPC.framework",
				"${BUILT_PRODUCTS_DIR}/gRPC-RxLibrary/RxLibrary.framework",
				"${BUILT_PRODUCTS_DIR}/leveldb-library/leveldb.framework",
				"${BUILT_PRODUCTS_DIR}/nanopb/nanopb.framework",
			);
			name = "[CP] Embed Pods Frameworks";
			outputPaths = (
				"${TARGET_BUILD_DIR}/${FRAMEWORKS_FOLDER_PATH}/openssl.framework",
				"${TARGET_BUILD_DIR}/${FRAMEWORKS_FOLDER_PATH}/GoogleToolboxForMac.framework",
				"${TARGET_BUILD_DIR}/${FRAMEWORKS_FOLDER_PATH}/Protobuf.framework",
				"${TARGET_BUILD_DIR}/${FRAMEWORKS_FOLDER_PATH}/GRPCClient.framework",
				"${TARGET_BUILD_DIR}/${FRAMEWORKS_FOLDER_PATH}/grpc.framework",
				"${TARGET_BUILD_DIR}/${FRAMEWORKS_FOLDER_PATH}/ProtoRPC.framework",
				"${TARGET_BUILD_DIR}/${FRAMEWORKS_FOLDER_PATH}/RxLibrary.framework",
				"${TARGET_BUILD_DIR}/${FRAMEWORKS_FOLDER_PATH}/leveldb.framework",
				"${TARGET_BUILD_DIR}/${FRAMEWORKS_FOLDER_PATH}/nanopb.framework",
			);
			runOnlyForDeploymentPostprocessing = 0;
			shellPath = /bin/sh;
			shellScript = "\"${SRCROOT}/Pods/Target Support Files/Pods-MovieQuotes/Pods-MovieQuotes-frameworks.sh\"\n";
			showEnvVarsInLog = 0;
		};
		FB50348A6108864EA92B738B /* [CP] Check Pods Manifest.lock */ = {
			isa = PBXShellScriptBuildPhase;
			buildActionMask = 2147483647;
			files = (
			);
			inputPaths = (
				"${PODS_PODFILE_DIR_PATH}/Podfile.lock",
				"${PODS_ROOT}/Manifest.lock",
			);
			name = "[CP] Check Pods Manifest.lock";
			outputPaths = (
				"$(DERIVED_FILE_DIR)/Pods-MovieQuotes-checkManifestLockResult.txt",
			);
			runOnlyForDeploymentPostprocessing = 0;
			shellPath = /bin/sh;
			shellScript = "diff \"${PODS_PODFILE_DIR_PATH}/Podfile.lock\" \"${PODS_ROOT}/Manifest.lock\" > /dev/null\nif [ $? != 0 ] ; then\n    # print error to STDERR\n    echo \"error: The sandbox is not in sync with the Podfile.lock. Run 'pod install' or update your CocoaPods installation.\" >&2\n    exit 1\nfi\n# This output is used by Xcode 'outputs' to avoid re-running this script phase.\necho \"SUCCESS\" > \"${SCRIPT_OUTPUT_FILE_0}\"\n";
			showEnvVarsInLog = 0;
		};
/* End PBXShellScriptBuildPhase section */

/* Begin PBXSourcesBuildPhase section */
		0AD117D5206AA339003B5513 /* Sources */ = {
			isa = PBXSourcesBuildPhase;
			buildActionMask = 2147483647;
			files = (
				0AD117F1206AA741003B5513 /* TempTableViewController.swift in Sources */,
				0AD117E1206AA339003B5513 /* DetailViewController.swift in Sources */,
				0A1F4FA7206D3989002CFCAA /* MovieQuote.swift in Sources */,
				0ABEDB7E2088E5BC00DEE4B7 /* MovieQuoteDetailViewController.swift in Sources */,
				0AD117DD206AA339003B5513 /* AppDelegate.swift in Sources */,
				0A1F4FA5206D3683002CFCAA /* MovieQuotesTableViewController.swift in Sources */,
			);
			runOnlyForDeploymentPostprocessing = 0;
		};
/* End PBXSourcesBuildPhase section */

/* Begin PBXVariantGroup section */
		0AD117E2206AA339003B5513 /* Main.storyboard */ = {
			isa = PBXVariantGroup;
			children = (
				0AD117E3206AA339003B5513 /* Base */,
			);
			name = Main.storyboard;
			sourceTree = "<group>";
		};
		0AD117E7206AA339003B5513 /* LaunchScreen.storyboard */ = {
			isa = PBXVariantGroup;
			children = (
				0AD117E8206AA339003B5513 /* Base */,
			);
			name = LaunchScreen.storyboard;
			sourceTree = "<group>";
		};
/* End PBXVariantGroup section */

/* Begin XCBuildConfiguration section */
		0AD117EB206AA339003B5513 /* Debug */ = {
			isa = XCBuildConfiguration;
			buildSettings = {
				ALWAYS_SEARCH_USER_PATHS = NO;
				CLANG_ANALYZER_NONNULL = YES;
				CLANG_ANALYZER_NUMBER_OBJECT_CONVERSION = YES_AGGRESSIVE;
				CLANG_CXX_LANGUAGE_STANDARD = "gnu++14";
				CLANG_CXX_LIBRARY = "libc++";
				CLANG_ENABLE_MODULES = YES;
				CLANG_ENABLE_OBJC_ARC = YES;
				CLANG_WARN_BLOCK_CAPTURE_AUTORELEASING = YES;
				CLANG_WARN_BOOL_CONVERSION = YES;
				CLANG_WARN_COMMA = YES;
				CLANG_WARN_CONSTANT_CONVERSION = YES;
				CLANG_WARN_DIRECT_OBJC_ISA_USAGE = YES_ERROR;
				CLANG_WARN_DOCUMENTATION_COMMENTS = YES;
				CLANG_WARN_EMPTY_BODY = YES;
				CLANG_WARN_ENUM_CONVERSION = YES;
				CLANG_WARN_INFINITE_RECURSION = YES;
				CLANG_WARN_INT_CONVERSION = YES;
				CLANG_WARN_NON_LITERAL_NULL_CONVERSION = YES;
				CLANG_WARN_OBJC_LITERAL_CONVERSION = YES;
				CLANG_WARN_OBJC_ROOT_CLASS = YES_ERROR;
				CLANG_WARN_RANGE_LOOP_ANALYSIS = YES;
				CLANG_WARN_STRICT_PROTOTYPES = YES;
				CLANG_WARN_SUSPICIOUS_MOVE = YES;
				CLANG_WARN_UNGUARDED_AVAILABILITY = YES_AGGRESSIVE;
				CLANG_WARN_UNREACHABLE_CODE = YES;
				CLANG_WARN__DUPLICATE_METHOD_MATCH = YES;
				CODE_SIGN_IDENTITY = "iPhone Developer";
				COPY_PHASE_STRIP = NO;
				DEBUG_INFORMATION_FORMAT = dwarf;
				ENABLE_STRICT_OBJC_MSGSEND = YES;
				ENABLE_TESTABILITY = YES;
				GCC_C_LANGUAGE_STANDARD = gnu11;
				GCC_DYNAMIC_NO_PIC = NO;
				GCC_NO_COMMON_BLOCKS = YES;
				GCC_OPTIMIZATION_LEVEL = 0;
				GCC_PREPROCESSOR_DEFINITIONS = (
					"DEBUG=1",
					"$(inherited)",
				);
				GCC_WARN_64_TO_32_BIT_CONVERSION = YES;
				GCC_WARN_ABOUT_RETURN_TYPE = YES_ERROR;
				GCC_WARN_UNDECLARED_SELECTOR = YES;
				GCC_WARN_UNINITIALIZED_AUTOS = YES_AGGRESSIVE;
				GCC_WARN_UNUSED_FUNCTION = YES;
				GCC_WARN_UNUSED_VARIABLE = YES;
				IPHONEOS_DEPLOYMENT_TARGET = 11.2;
				MTL_ENABLE_DEBUG_INFO = YES;
				ONLY_ACTIVE_ARCH = YES;
				SDKROOT = iphoneos;
				SWIFT_ACTIVE_COMPILATION_CONDITIONS = DEBUG;
				SWIFT_OPTIMIZATION_LEVEL = "-Onone";
			};
			name = Debug;
		};
		0AD117EC206AA339003B5513 /* Release */ = {
			isa = XCBuildConfiguration;
			buildSettings = {
				ALWAYS_SEARCH_USER_PATHS = NO;
				CLANG_ANALYZER_NONNULL = YES;
				CLANG_ANALYZER_NUMBER_OBJECT_CONVERSION = YES_AGGRESSIVE;
				CLANG_CXX_LANGUAGE_STANDARD = "gnu++14";
				CLANG_CXX_LIBRARY = "libc++";
				CLANG_ENABLE_MODULES = YES;
				CLANG_ENABLE_OBJC_ARC = YES;
				CLANG_WARN_BLOCK_CAPTURE_AUTORELEASING = YES;
				CLANG_WARN_BOOL_CONVERSION = YES;
				CLANG_WARN_COMMA = YES;
				CLANG_WARN_CONSTANT_CONVERSION = YES;
				CLANG_WARN_DIRECT_OBJC_ISA_USAGE = YES_ERROR;
				CLANG_WARN_DOCUMENTATION_COMMENTS = YES;
				CLANG_WARN_EMPTY_BODY = YES;
				CLANG_WARN_ENUM_CONVERSION = YES;
				CLANG_WARN_INFINITE_RECURSION = YES;
				CLANG_WARN_INT_CONVERSION = YES;
				CLANG_WARN_NON_LITERAL_NULL_CONVERSION = YES;
				CLANG_WARN_OBJC_LITERAL_CONVERSION = YES;
				CLANG_WARN_OBJC_ROOT_CLASS = YES_ERROR;
				CLANG_WARN_RANGE_LOOP_ANALYSIS = YES;
				CLANG_WARN_STRICT_PROTOTYPES = YES;
				CLANG_WARN_SUSPICIOUS_MOVE = YES;
				CLANG_WARN_UNGUARDED_AVAILABILITY = YES_AGGRESSIVE;
				CLANG_WARN_UNREACHABLE_CODE = YES;
				CLANG_WARN__DUPLICATE_METHOD_MATCH = YES;
				CODE_SIGN_IDENTITY = "iPhone Developer";
				COPY_PHASE_STRIP = NO;
				DEBUG_INFORMATION_FORMAT = "dwarf-with-dsym";
				ENABLE_NS_ASSERTIONS = NO;
				ENABLE_STRICT_OBJC_MSGSEND = YES;
				GCC_C_LANGUAGE_STANDARD = gnu11;
				GCC_NO_COMMON_BLOCKS = YES;
				GCC_WARN_64_TO_32_BIT_CONVERSION = YES;
				GCC_WARN_ABOUT_RETURN_TYPE = YES_ERROR;
				GCC_WARN_UNDECLARED_SELECTOR = YES;
				GCC_WARN_UNINITIALIZED_AUTOS = YES_AGGRESSIVE;
				GCC_WARN_UNUSED_FUNCTION = YES;
				GCC_WARN_UNUSED_VARIABLE = YES;
				IPHONEOS_DEPLOYMENT_TARGET = 11.2;
				MTL_ENABLE_DEBUG_INFO = NO;
				SDKROOT = iphoneos;
				SWIFT_OPTIMIZATION_LEVEL = "-Owholemodule";
				VALIDATE_PRODUCT = YES;
			};
			name = Release;
		};
		0AD117EE206AA339003B5513 /* Debug */ = {
			isa = XCBuildConfiguration;
			baseConfigurationReference = 0749198FDC282D470FED88AE /* Pods-MovieQuotes.debug.xcconfig */;
			buildSettings = {
				ASSETCATALOG_COMPILER_APPICON_NAME = AppIcon;
				CODE_SIGN_STYLE = Automatic;
				INFOPLIST_FILE = MovieQuotes/Info.plist;
				IPHONEOS_DEPLOYMENT_TARGET = 10.1;
				LD_RUNPATH_SEARCH_PATHS = "$(inherited) @executable_path/Frameworks";
				PRODUCT_BUNDLE_IDENTIFIER = "edu.rose-hulman.schiesla.MovieQuotes";
				PRODUCT_NAME = "$(TARGET_NAME)";
				SWIFT_VERSION = 4.0;
				TARGETED_DEVICE_FAMILY = 1;
			};
			name = Debug;
		};
		0AD117EF206AA339003B5513 /* Release */ = {
			isa = XCBuildConfiguration;
			baseConfigurationReference = 18B92A9637119F6012AEBA04 /* Pods-MovieQuotes.release.xcconfig */;
			buildSettings = {
				ASSETCATALOG_COMPILER_APPICON_NAME = AppIcon;
				CODE_SIGN_STYLE = Automatic;
				INFOPLIST_FILE = MovieQuotes/Info.plist;
				IPHONEOS_DEPLOYMENT_TARGET = 10.1;
				LD_RUNPATH_SEARCH_PATHS = "$(inherited) @executable_path/Frameworks";
				PRODUCT_BUNDLE_IDENTIFIER = "edu.rose-hulman.schiesla.MovieQuotes";
				PRODUCT_NAME = "$(TARGET_NAME)";
				SWIFT_VERSION = 4.0;
				TARGETED_DEVICE_FAMILY = 1;
			};
			name = Release;
		};
/* End XCBuildConfiguration section */

/* Begin XCConfigurationList section */
		0AD117D4206AA339003B5513 /* Build configuration list for PBXProject "MovieQuotes" */ = {
			isa = XCConfigurationList;
			buildConfigurations = (
				0AD117EB206AA339003B5513 /* Debug */,
				0AD117EC206AA339003B5513 /* Release */,
			);
			defaultConfigurationIsVisible = 0;
			defaultConfigurationName = Release;
		};
		0AD117ED206AA339003B5513 /* Build configuration list for PBXNativeTarget "MovieQuotes" */ = {
			isa = XCConfigurationList;
			buildConfigurations = (
				0AD117EE206AA339003B5513 /* Debug */,
				0AD117EF206AA339003B5513 /* Release */,
			);
			defaultConfigurationIsVisible = 0;
			defaultConfigurationName = Release;
		};
/* End XCConfigurationList section */
	};
	rootObject = 0AD117D1206AA339003B5513 /* Project object */;
}
